{
  "object": {
    "pins": [
      {
        "package": "SwiftSoup",
        "repositoryURL": "https://github.com/scinfu/SwiftSoup.git",
        "state": {
          "branch": null,
          "revision": "a2b316e9574c6904e08995290a975cb16693ac24",
          "version": "2.2.0"
        }
      },
      {
        "package": "VerticalTree",
        "repositoryURL": "https://github.com/CourtlandBueno/VerticalTree.git",
        "state": {
          "branch": "master",
          "revision": "37a5a0770856eb485af6de0a634120c20a14ea85",
          "version": null
        }
      }
    ]
  },
  "version": 1
}
