{
  "object": {
    "pins": [
      {
        "package": "SwiftSoup",
        "repositoryURL": "https://github.com/CourtlandBueno/SwiftSoup.git",
        "state": {
          "branch": "master",
          "revision": "3904e3ca673a0d5df7f1bb0734661ce1cb47394d",
          "version": null
        }
      },
      {
        "package": "VerticalTree",
        "repositoryURL": "https://github.com/CourtlandBueno/VerticalTree.git",
        "state": {
          "branch": "master",
          "revision": "2cc1d609ced047bbd7271e093c2ce86c25d2bacf",
          "version": null
        }
      }
    ]
  },
  "version": 1
}
